Microsoft Visual Studio Solution File, Format Version 12.00
# Visual Studio Version 17
VisualStudioVersion = 17.5.2.0
MinimumVisualStudioVersion = 10.0.40219.1
Project("{FAE04EC0-301F-11D3-BF4B-00C04F79EFBC}") = "Vuur.Client", "Vuur.Client.csproj", "{0DDF1F5A-F063-ECBE-B96C-408D8FC94D0D}"
EndProject
Global
	GlobalSection(SolutionConfigurationPlatforms) = preSolution
		Debug|Any CPU = Debug|Any CPU
		Release|Any CPU = Release|Any CPU
	EndGlobalSection
	GlobalSection(ProjectConfigurationPlatforms) = postSolution
		{0DDF1F5A-F063-ECBE-B96C-408D8FC94D0D}.Debug|Any CPU.ActiveCfg = Debug|Any CPU
		{0DDF1F5A-F063-ECBE-B96C-408D8FC94D0D}.Debug|Any CPU.Build.0 = Debug|Any CPU
		{0DDF1F5A-F063-ECBE-B96C-408D8FC94D0D}.Release|Any CPU.ActiveCfg = Release|Any CPU
		{0DDF1F5A-F063-ECBE-B96C-408D8FC94D0D}.Release|Any CPU.Build.0 = Release|Any CPU
	EndGlobalSection
	GlobalSection(SolutionProperties) = preSolution
		HideSolutionNode = FALSE
	EndGlobalSection
	GlobalSection(ExtensibilityGlobals) = postSolution
		SolutionGuid = {B1F08518-B639-413E-81E8-FE336CE58CB8}
	EndGlobalSection
EndGlobal
